
Microsoft Visual Studio Solution File, Format Version 12.00
# Visual Studio Version 17
VisualStudioVersion = 17.9.34723.18
MinimumVisualStudioVersion = 10.0.40219.1
Project("{FAE04EC0-301F-11D3-BF4B-00C04F79EFBC}") = "DicionarioEstrutura", "DicionarioEstrutura\DicionarioEstrutura.csproj", "{C08B4405-9714-4FF6-B454-57AB45208FD2}"
EndProject
Project("{FAE04EC0-301F-11D3-BF4B-00C04F79EFBC}") = "UIDicionario", "UIDicionario\UIDicionario.csproj", "{4FA9F609-3D4F-4AC5-8877-EE1FC39B5E90}"
EndProject
Global
	GlobalSection(SolutionConfigurationPlatforms) = preSolution
		Debug|Any CPU = Debug|Any CPU
		Release|Any CPU = Release|Any CPU
	EndGlobalSection
	GlobalSection(ProjectConfigurationPlatforms) = postSolution
		{C08B4405-9714-4FF6-B454-57AB45208FD2}.Debug|Any CPU.ActiveCfg = Debug|Any CPU
		{C08B4405-9714-4FF6-B454-57AB45208FD2}.Debug|Any CPU.Build.0 = Debug|Any CPU
		{C08B4405-9714-4FF6-B454-57AB45208FD2}.Release|Any CPU.ActiveCfg = Release|Any CPU
		{C08B4405-9714-4FF6-B454-57AB45208FD2}.Release|Any CPU.Build.0 = Release|Any CPU
		{4FA9F609-3D4F-4AC5-8877-EE1FC39B5E90}.Debug|Any CPU.ActiveCfg = Debug|Any CPU
		{4FA9F609-3D4F-4AC5-8877-EE1FC39B5E90}.Debug|Any CPU.Build.0 = Debug|Any CPU
		{4FA9F609-3D4F-4AC5-8877-EE1FC39B5E90}.Release|Any CPU.ActiveCfg = Release|Any CPU
		{4FA9F609-3D4F-4AC5-8877-EE1FC39B5E90}.Release|Any CPU.Build.0 = Release|Any CPU
	EndGlobalSection
	GlobalSection(SolutionProperties) = preSolution
		HideSolutionNode = FALSE
	EndGlobalSection
	GlobalSection(ExtensibilityGlobals) = postSolution
		SolutionGuid = {E1D9688C-2741-4929-8767-A85AB228EA15}
	EndGlobalSection
EndGlobal
